
Microsoft Visual Studio Solution File, Format Version 12.00
# Visual Studio Version 17
VisualStudioVersion = 17.5.33530.505
MinimumVisualStudioVersion = 10.0.40219.1
Project("{FAE04EC0-301F-11D3-BF4B-00C04F79EFBC}") = "WEEK_2_TASK_GENERIC_CLASSES", "WEEK_2_TASK_GENERIC_CLASSES.csproj", "{4405B9BC-300D-4A49-AFA3-5CD2A03620AA}"
EndProject
Global
	GlobalSection(SolutionConfigurationPlatforms) = preSolution
		Debug|Any CPU = Debug|Any CPU
		Release|Any CPU = Release|Any CPU
	EndGlobalSection
	GlobalSection(ProjectConfigurationPlatforms) = postSolution
		{4405B9BC-300D-4A49-AFA3-5CD2A03620AA}.Debug|Any CPU.ActiveCfg = Debug|Any CPU
		{4405B9BC-300D-4A49-AFA3-5CD2A03620AA}.Debug|Any CPU.Build.0 = Debug|Any CPU
		{4405B9BC-300D-4A49-AFA3-5CD2A03620AA}.Release|Any CPU.ActiveCfg = Release|Any CPU
		{4405B9BC-300D-4A49-AFA3-5CD2A03620AA}.Release|Any CPU.Build.0 = Release|Any CPU
	EndGlobalSection
	GlobalSection(SolutionProperties) = preSolution
		HideSolutionNode = FALSE
	EndGlobalSection
	GlobalSection(ExtensibilityGlobals) = postSolution
		SolutionGuid = {BD14F3CD-D824-4E97-A983-D1D54729EE03}
	EndGlobalSection
EndGlobal
