
Microsoft Visual Studio Solution File, Format Version 12.00
# Visual Studio Version 17
VisualStudioVersion = 17.5.33530.505
MinimumVisualStudioVersion = 10.0.40219.1
Project("{FAE04EC0-301F-11D3-BF4B-00C04F79EFBC}") = "My_Console_Bank_App", "My_Console_Bank_App.csproj", "{D4124D3C-9B99-4103-8551-F5D1A4A6D285}"
EndProject
Global
	GlobalSection(SolutionConfigurationPlatforms) = preSolution
		Debug|Any CPU = Debug|Any CPU
		Release|Any CPU = Release|Any CPU
	EndGlobalSection
	GlobalSection(ProjectConfigurationPlatforms) = postSolution
		{D4124D3C-9B99-4103-8551-F5D1A4A6D285}.Debug|Any CPU.ActiveCfg = Debug|Any CPU
		{D4124D3C-9B99-4103-8551-F5D1A4A6D285}.Debug|Any CPU.Build.0 = Debug|Any CPU
		{D4124D3C-9B99-4103-8551-F5D1A4A6D285}.Release|Any CPU.ActiveCfg = Release|Any CPU
		{D4124D3C-9B99-4103-8551-F5D1A4A6D285}.Release|Any CPU.Build.0 = Release|Any CPU
	EndGlobalSection
	GlobalSection(SolutionProperties) = preSolution
		HideSolutionNode = FALSE
	EndGlobalSection
	GlobalSection(ExtensibilityGlobals) = postSolution
		SolutionGuid = {39BDD40D-C78F-4F8B-B8BB-409659492AB6}
	EndGlobalSection
EndGlobal
