
Microsoft Visual Studio Solution File, Format Version 12.00
# Visual Studio Version 17
VisualStudioVersion = 17.5.33530.505
MinimumVisualStudioVersion = 10.0.40219.1
Project("{FAE04EC0-301F-11D3-BF4B-00C04F79EFBC}") = "GPACalculator_Program_Task_One", "GPACalculator_Program_Task_One.csproj", "{1DE08837-7FB7-4374-A37A-F7048D5EE222}"
EndProject
Global
	GlobalSection(SolutionConfigurationPlatforms) = preSolution
		Debug|Any CPU = Debug|Any CPU
		Release|Any CPU = Release|Any CPU
	EndGlobalSection
	GlobalSection(ProjectConfigurationPlatforms) = postSolution
		{1DE08837-7FB7-4374-A37A-F7048D5EE222}.Debug|Any CPU.ActiveCfg = Debug|Any CPU
		{1DE08837-7FB7-4374-A37A-F7048D5EE222}.Debug|Any CPU.Build.0 = Debug|Any CPU
		{1DE08837-7FB7-4374-A37A-F7048D5EE222}.Release|Any CPU.ActiveCfg = Release|Any CPU
		{1DE08837-7FB7-4374-A37A-F7048D5EE222}.Release|Any CPU.Build.0 = Release|Any CPU
	EndGlobalSection
	GlobalSection(SolutionProperties) = preSolution
		HideSolutionNode = FALSE
	EndGlobalSection
	GlobalSection(ExtensibilityGlobals) = postSolution
		SolutionGuid = {681A3C05-A49C-47AA-879F-BB162066DB3E}
	EndGlobalSection
EndGlobal
