
Microsoft Visual Studio Solution File, Format Version 12.00
# Visual Studio Version 17
VisualStudioVersion = 17.6.33723.286
MinimumVisualStudioVersion = 10.0.40219.1
Project("{FAE04EC0-301F-11D3-BF4B-00C04F79EFBC}") = "MyBankApp", "MyBankApp\MyBankApp.csproj", "{8A2A92D3-1806-4C3B-A9E3-A5BB5B007FF6}"
EndProject
Global
	GlobalSection(SolutionConfigurationPlatforms) = preSolution
		Debug|Any CPU = Debug|Any CPU
		Release|Any CPU = Release|Any CPU
	EndGlobalSection
	GlobalSection(ProjectConfigurationPlatforms) = postSolution
		{8A2A92D3-1806-4C3B-A9E3-A5BB5B007FF6}.Debug|Any CPU.ActiveCfg = Debug|Any CPU
		{8A2A92D3-1806-4C3B-A9E3-A5BB5B007FF6}.Debug|Any CPU.Build.0 = Debug|Any CPU
		{8A2A92D3-1806-4C3B-A9E3-A5BB5B007FF6}.Release|Any CPU.ActiveCfg = Release|Any CPU
		{8A2A92D3-1806-4C3B-A9E3-A5BB5B007FF6}.Release|Any CPU.Build.0 = Release|Any CPU
	EndGlobalSection
	GlobalSection(SolutionProperties) = preSolution
		HideSolutionNode = FALSE
	EndGlobalSection
	GlobalSection(ExtensibilityGlobals) = postSolution
		SolutionGuid = {371E4768-C4BF-4FB4-BC99-B5124F318CF2}
	EndGlobalSection
EndGlobal
