
Microsoft Visual Studio Solution File, Format Version 12.00
# Visual Studio Version 17
VisualStudioVersion = 17.5.33530.505
MinimumVisualStudioVersion = 10.0.40219.1
Project("{FAE04EC0-301F-11D3-BF4B-00C04F79EFBC}") = "ConsoleApp1", "ConsoleApp1.csproj", "{672F193C-47DF-40E7-86E7-D145C3DF8846}"
EndProject
Global
	GlobalSection(SolutionConfigurationPlatforms) = preSolution
		Debug|Any CPU = Debug|Any CPU
		Release|Any CPU = Release|Any CPU
	EndGlobalSection
	GlobalSection(ProjectConfigurationPlatforms) = postSolution
		{672F193C-47DF-40E7-86E7-D145C3DF8846}.Debug|Any CPU.ActiveCfg = Debug|Any CPU
		{672F193C-47DF-40E7-86E7-D145C3DF8846}.Debug|Any CPU.Build.0 = Debug|Any CPU
		{672F193C-47DF-40E7-86E7-D145C3DF8846}.Release|Any CPU.ActiveCfg = Release|Any CPU
		{672F193C-47DF-40E7-86E7-D145C3DF8846}.Release|Any CPU.Build.0 = Release|Any CPU
	EndGlobalSection
	GlobalSection(SolutionProperties) = preSolution
		HideSolutionNode = FALSE
	EndGlobalSection
	GlobalSection(ExtensibilityGlobals) = postSolution
		SolutionGuid = {8C09FFE0-8A24-4C9E-BA44-659E187B1B99}
	EndGlobalSection
EndGlobal
